
Microsoft Visual Studio Solution File, Format Version 12.00
# Visual Studio Version 16
VisualStudioVersion = 16.0.30011.22
MinimumVisualStudioVersion = 10.0.40219.1
Project("{9A19103F-16F7-4668-BE54-9A1E7A4F7556}") = "FrontHubEk7", "FrontHubEk7\FrontHubEk7.csproj", "{208A08AF-E636-483D-BF84-26BA02C79155}"
EndProject
Project("{FAE04EC0-301F-11D3-BF4B-00C04F79EFBC}") = "FrontEk7.Repository", "FrontEk7.Repository\FrontEk7.Repository.csproj", "{E2317CA4-8380-446D-ACF7-492DE0CE04F1}"
EndProject
Project("{FAE04EC0-301F-11D3-BF4B-00C04F79EFBC}") = "FrontEk7.Domain", "FrontEk7.Domain\FrontEk7.Domain.csproj", "{B288489D-8BB8-4F2D-8420-5D9169A5936D}"
EndProject
Global
	GlobalSection(SolutionConfigurationPlatforms) = preSolution
		Debug|Any CPU = Debug|Any CPU
		Release|Any CPU = Release|Any CPU
	EndGlobalSection
	GlobalSection(ProjectConfigurationPlatforms) = postSolution
		{208A08AF-E636-483D-BF84-26BA02C79155}.Debug|Any CPU.ActiveCfg = Debug|Any CPU
		{208A08AF-E636-483D-BF84-26BA02C79155}.Debug|Any CPU.Build.0 = Debug|Any CPU
		{208A08AF-E636-483D-BF84-26BA02C79155}.Release|Any CPU.ActiveCfg = Release|Any CPU
		{208A08AF-E636-483D-BF84-26BA02C79155}.Release|Any CPU.Build.0 = Release|Any CPU
		{E2317CA4-8380-446D-ACF7-492DE0CE04F1}.Debug|Any CPU.ActiveCfg = Debug|Any CPU
		{E2317CA4-8380-446D-ACF7-492DE0CE04F1}.Debug|Any CPU.Build.0 = Debug|Any CPU
		{E2317CA4-8380-446D-ACF7-492DE0CE04F1}.Release|Any CPU.ActiveCfg = Release|Any CPU
		{E2317CA4-8380-446D-ACF7-492DE0CE04F1}.Release|Any CPU.Build.0 = Release|Any CPU
		{B288489D-8BB8-4F2D-8420-5D9169A5936D}.Debug|Any CPU.ActiveCfg = Debug|Any CPU
		{B288489D-8BB8-4F2D-8420-5D9169A5936D}.Debug|Any CPU.Build.0 = Debug|Any CPU
		{B288489D-8BB8-4F2D-8420-5D9169A5936D}.Release|Any CPU.ActiveCfg = Release|Any CPU
		{B288489D-8BB8-4F2D-8420-5D9169A5936D}.Release|Any CPU.Build.0 = Release|Any CPU
	EndGlobalSection
	GlobalSection(SolutionProperties) = preSolution
		HideSolutionNode = FALSE
	EndGlobalSection
	GlobalSection(ExtensibilityGlobals) = postSolution
		SolutionGuid = {B4FEAA37-C943-4385-8917-14FADC135F18}
	EndGlobalSection
EndGlobal
